
Microsoft Visual Studio Solution File, Format Version 12.00
# Visual Studio Version 17
VisualStudioVersion = 17.8.34525.116
MinimumVisualStudioVersion = 10.0.40219.1
Project("{FAE04EC0-301F-11D3-BF4B-00C04F79EFBC}") = "ConsoleAppComissao", "ConsoleAppComissao\ConsoleAppComissao.csproj", "{925DF279-DAF5-4AF4-80C9-B3A86226ACE5}"
EndProject
Global
	GlobalSection(SolutionConfigurationPlatforms) = preSolution
		Debug|Any CPU = Debug|Any CPU
		Release|Any CPU = Release|Any CPU
	EndGlobalSection
	GlobalSection(ProjectConfigurationPlatforms) = postSolution
		{925DF279-DAF5-4AF4-80C9-B3A86226ACE5}.Debug|Any CPU.ActiveCfg = Debug|Any CPU
		{925DF279-DAF5-4AF4-80C9-B3A86226ACE5}.Debug|Any CPU.Build.0 = Debug|Any CPU
		{925DF279-DAF5-4AF4-80C9-B3A86226ACE5}.Release|Any CPU.ActiveCfg = Release|Any CPU
		{925DF279-DAF5-4AF4-80C9-B3A86226ACE5}.Release|Any CPU.Build.0 = Release|Any CPU
	EndGlobalSection
	GlobalSection(SolutionProperties) = preSolution
		HideSolutionNode = FALSE
	EndGlobalSection
	GlobalSection(ExtensibilityGlobals) = postSolution
		SolutionGuid = {C4B00C34-8779-44C4-A9B5-AF125C2D5D82}
	EndGlobalSection
EndGlobal
